// !$*UTF8*$!
{
	archiveVersion = 1;
	classes = {
	};
	objectVersion = 56;
	objects = {

/* Begin PBXBuildFile section */
		2BCBE76C28D7149600A9176D /* HogsmeadeApp.swift in Sources */ = {isa = PBXBuildFile; fileRef = 2BCBE76B28D7149600A9176D /* HogsmeadeApp.swift */; };
		2BCBE76E28D7149600A9176D /* ContentView.swift in Sources */ = {isa = PBXBuildFile; fileRef = 2BCBE76D28D7149600A9176D /* ContentView.swift */; };
		2BCBE77028D7149700A9176D /* Assets.xcassets in Resources */ = {isa = PBXBuildFile; fileRef = 2BCBE76F28D7149700A9176D /* Assets.xcassets */; };
		2BCBE77428D7149700A9176D /* Preview Assets.xcassets in Resources */ = {isa = PBXBuildFile; fileRef = 2BCBE77328D7149700A9176D /* Preview Assets.xcassets */; };
		2BCBE77B28D714AF00A9176D /* VoipView.swift in Sources */ = {isa = PBXBuildFile; fileRef = 2BCBE77A28D714AF00A9176D /* VoipView.swift */; };
		2BCBE77D28D714BF00A9176D /* Voip.swift in Sources */ = {isa = PBXBuildFile; fileRef = 2BCBE77C28D714BF00A9176D /* Voip.swift */; };
		2BCBE8B328D725EC00A9176D /* WidgetKit.framework in Frameworks */ = {isa = PBXBuildFile; fileRef = 2BCBE8B228D725EC00A9176D /* WidgetKit.framework */; };
		2BCBE8B528D725EC00A9176D /* SwiftUI.framework in Frameworks */ = {isa = PBXBuildFile; fileRef = 2BCBE8B428D725EC00A9176D /* SwiftUI.framework */; };
		2BCBE8B828D725EC00A9176D /* HogsmeadeWidget.swift in Sources */ = {isa = PBXBuildFile; fileRef = 2BCBE8B728D725EC00A9176D /* HogsmeadeWidget.swift */; };
		2BCBE8BA28D725ED00A9176D /* Assets.xcassets in Resources */ = {isa = PBXBuildFile; fileRef = 2BCBE8B928D725ED00A9176D /* Assets.xcassets */; };
		2BCBE8BE28D725ED00A9176D /* HogsmeadeWidgetExtension.appex in Embed Foundation Extensions */ = {isa = PBXBuildFile; fileRef = 2BCBE8B028D725EC00A9176D /* HogsmeadeWidgetExtension.appex */; settings = {ATTRIBUTES = (RemoveHeadersOnCopy, ); }; };
		2BCBE8C628D72F0600A9176D /* ExampleWidget.swift in Sources */ = {isa = PBXBuildFile; fileRef = 2BCBE8C428D72E0600A9176D /* ExampleWidget.swift */; };
		2BCBE8CC28D731D000A9176D /* VoipAttributes.swift in Sources */ = {isa = PBXBuildFile; fileRef = 2BCBE8CB28D731D000A9176D /* VoipAttributes.swift */; };
		2BCBE8CF28D73DF200A9176D /* VoipAttributes.swift in Sources */ = {isa = PBXBuildFile; fileRef = 2BCBE8CB28D731D000A9176D /* VoipAttributes.swift */; };
		2BCBE8D028D7421100A9176D /* VoipLiveActivity.swift in Sources */ = {isa = PBXBuildFile; fileRef = 2BCBE8C928D731B100A9176D /* VoipLiveActivity.swift */; };
		2BCBE8D128D7421700A9176D /* LockScreenVoipView.swift in Sources */ = {isa = PBXBuildFile; fileRef = 2BCBE8C728D7318B00A9176D /* LockScreenVoipView.swift */; };
		2BCBE8D328D742EF00A9176D /* PeerUserView.swift in Sources */ = {isa = PBXBuildFile; fileRef = 2BCBE8D228D742EF00A9176D /* PeerUserView.swift */; };
		2BCBE8D628D7445800A9176D /* ToolsView.swift in Sources */ = {isa = PBXBuildFile; fileRef = 2BCBE8D528D7445800A9176D /* ToolsView.swift */; };
		2BCBE8D828D7449D00A9176D /* FunctionView.swift in Sources */ = {isa = PBXBuildFile; fileRef = 2BCBE8D728D7449D00A9176D /* FunctionView.swift */; };
		2BCBE8DD28D75B2800A9176D /* VoiceView.swift in Sources */ = {isa = PBXBuildFile; fileRef = 2BCBE8DB28D7577E00A9176D /* VoiceView.swift */; };
		2BCBE8E228D7634000A9176D /* Voip.swift in Sources */ = {isa = PBXBuildFile; fileRef = 2BCBE77C28D714BF00A9176D /* Voip.swift */; };
/* End PBXBuildFile section */

/* Begin PBXContainerItemProxy section */
		2BCBE8BC28D725ED00A9176D /* PBXContainerItemProxy */ = {
			isa = PBXContainerItemProxy;
			containerPortal = 2BCBE76028D7149600A9176D /* Project object */;
			proxyType = 1;
			remoteGlobalIDString = 2BCBE8AF28D725EC00A9176D;
			remoteInfo = HogsmeadeWidgetExtension;
		};
/* End PBXContainerItemProxy section */

/* Begin PBXCopyFilesBuildPhase section */
		2BCBE8C228D725ED00A9176D /* Embed Foundation Extensions */ = {
			isa = PBXCopyFilesBuildPhase;
			buildActionMask = 2147483647;
			dstPath = "";
			dstSubfolderSpec = 13;
			files = (
				2BCBE8BE28D725ED00A9176D /* HogsmeadeWidgetExtension.appex in Embed Foundation Extensions */,
			);
			name = "Embed Foundation Extensions";
			runOnlyForDeploymentPostprocessing = 0;
		};
/* End PBXCopyFilesBuildPhase section */

/* Begin PBXFileReference section */
		2BCBE76828D7149600A9176D /* Hogsmeade.app */ = {isa = PBXFileReference; explicitFileType = wrapper.application; includeInIndex = 0; path = Hogsmeade.app; sourceTree = BUILT_PRODUCTS_DIR; };
		2BCBE76B28D7149600A9176D /* HogsmeadeApp.swift */ = {isa = PBXFileReference; lastKnownFileType = sourcecode.swift; path = HogsmeadeApp.swift; sourceTree = "<group>"; };
		2BCBE76D28D7149600A9176D /* ContentView.swift */ = {isa = PBXFileReference; lastKnownFileType = sourcecode.swift; path = ContentView.swift; sourceTree = "<group>"; };
		2BCBE76F28D7149700A9176D /* Assets.xcassets */ = {isa = PBXFileReference; lastKnownFileType = folder.assetcatalog; path = Assets.xcassets; sourceTree = "<group>"; };
		2BCBE77128D7149700A9176D /* Hogsmeade.entitlements */ = {isa = PBXFileReference; lastKnownFileType = text.plist.entitlements; path = Hogsmeade.entitlements; sourceTree = "<group>"; };
		2BCBE77328D7149700A9176D /* Preview Assets.xcassets */ = {isa = PBXFileReference; lastKnownFileType = folder.assetcatalog; path = "Preview Assets.xcassets"; sourceTree = "<group>"; };
		2BCBE77A28D714AF00A9176D /* VoipView.swift */ = {isa = PBXFileReference; lastKnownFileType = sourcecode.swift; path = VoipView.swift; sourceTree = "<group>"; };
		2BCBE77C28D714BF00A9176D /* Voip.swift */ = {isa = PBXFileReference; lastKnownFileType = sourcecode.swift; path = Voip.swift; sourceTree = "<group>"; };
		2BCBE8B028D725EC00A9176D /* HogsmeadeWidgetExtension.appex */ = {isa = PBXFileReference; explicitFileType = "wrapper.app-extension"; includeInIndex = 0; path = HogsmeadeWidgetExtension.appex; sourceTree = BUILT_PRODUCTS_DIR; };
		2BCBE8B228D725EC00A9176D /* WidgetKit.framework */ = {isa = PBXFileReference; lastKnownFileType = wrapper.framework; name = WidgetKit.framework; path = System/Library/Frameworks/WidgetKit.framework; sourceTree = SDKROOT; };
		2BCBE8B428D725EC00A9176D /* SwiftUI.framework */ = {isa = PBXFileReference; lastKnownFileType = wrapper.framework; name = SwiftUI.framework; path = System/Library/Frameworks/SwiftUI.framework; sourceTree = SDKROOT; };
		2BCBE8B728D725EC00A9176D /* HogsmeadeWidget.swift */ = {isa = PBXFileReference; lastKnownFileType = sourcecode.swift; path = HogsmeadeWidget.swift; sourceTree = "<group>"; };
		2BCBE8B928D725ED00A9176D /* Assets.xcassets */ = {isa = PBXFileReference; lastKnownFileType = folder.assetcatalog; path = Assets.xcassets; sourceTree = "<group>"; };
		2BCBE8BB28D725ED00A9176D /* Info.plist */ = {isa = PBXFileReference; lastKnownFileType = text.plist.xml; path = Info.plist; sourceTree = "<group>"; };
		2BCBE8C328D7262F00A9176D /* Info.plist */ = {isa = PBXFileReference; lastKnownFileType = text.plist; path = Info.plist; sourceTree = "<group>"; };
		2BCBE8C428D72E0600A9176D /* ExampleWidget.swift */ = {isa = PBXFileReference; lastKnownFileType = sourcecode.swift; path = ExampleWidget.swift; sourceTree = "<group>"; };
		2BCBE8C728D7318B00A9176D /* LockScreenVoipView.swift */ = {isa = PBXFileReference; lastKnownFileType = sourcecode.swift; path = LockScreenVoipView.swift; sourceTree = "<group>"; };
		2BCBE8C928D731B100A9176D /* VoipLiveActivity.swift */ = {isa = PBXFileReference; lastKnownFileType = sourcecode.swift; path = VoipLiveActivity.swift; sourceTree = "<group>"; };
		2BCBE8CB28D731D000A9176D /* VoipAttributes.swift */ = {isa = PBXFileReference; lastKnownFileType = sourcecode.swift; path = VoipAttributes.swift; sourceTree = "<group>"; };
		2BCBE8D228D742EF00A9176D /* PeerUserView.swift */ = {isa = PBXFileReference; lastKnownFileType = sourcecode.swift; path = PeerUserView.swift; sourceTree = "<group>"; };
		2BCBE8D528D7445800A9176D /* ToolsView.swift */ = {isa = PBXFileReference; lastKnownFileType = sourcecode.swift; path = ToolsView.swift; sourceTree = "<group>"; };
		2BCBE8D728D7449D00A9176D /* FunctionView.swift */ = {isa = PBXFileReference; lastKnownFileType = sourcecode.swift; path = FunctionView.swift; sourceTree = "<group>"; };
		2BCBE8DB28D7577E00A9176D /* VoiceView.swift */ = {isa = PBXFileReference; lastKnownFileType = sourcecode.swift; path = VoiceView.swift; sourceTree = "<group>"; };
/* End PBXFileReference section */

/* Begin PBXFrameworksBuildPhase section */
		2BCBE76528D7149600A9176D /* Frameworks */ = {
			isa = PBXFrameworksBuildPhase;
			buildActionMask = 2147483647;
			files = (
			);
			runOnlyForDeploymentPostprocessing = 0;
		};
		2BCBE8AD28D725EC00A9176D /* Frameworks */ = {
			isa = PBXFrameworksBuildPhase;
			buildActionMask = 2147483647;
			files = (
				2BCBE8B528D725EC00A9176D /* SwiftUI.framework in Frameworks */,
				2BCBE8B328D725EC00A9176D /* WidgetKit.framework in Frameworks */,
			);
			runOnlyForDeploymentPostprocessing = 0;
		};
/* End PBXFrameworksBuildPhase section */

/* Begin PBXGroup section */
		2BCBE75F28D7149600A9176D = {
			isa = PBXGroup;
			children = (
				2BCBE8E028D7630200A9176D /* Shared */,
				2BCBE76A28D7149600A9176D /* Hogsmeade */,
				2BCBE8B628D725EC00A9176D /* HogsmeadeWidget */,
				2BCBE8B128D725EC00A9176D /* Frameworks */,
				2BCBE76928D7149600A9176D /* Products */,
			);
			sourceTree = "<group>";
		};
		2BCBE76928D7149600A9176D /* Products */ = {
			isa = PBXGroup;
			children = (
				2BCBE76828D7149600A9176D /* Hogsmeade.app */,
				2BCBE8B028D725EC00A9176D /* HogsmeadeWidgetExtension.appex */,
			);
			name = Products;
			sourceTree = "<group>";
		};
		2BCBE76A28D7149600A9176D /* Hogsmeade */ = {
			isa = PBXGroup;
			children = (
				2BCBE77128D7149700A9176D /* Hogsmeade.entitlements */,
				2BCBE8C328D7262F00A9176D /* Info.plist */,
				2BCBE76B28D7149600A9176D /* HogsmeadeApp.swift */,
				2BCBE76F28D7149700A9176D /* Assets.xcassets */,
				2BCBE8DA28D7451200A9176D /* Model */,
				2BCBE77228D7149700A9176D /* Preview Content */,
				2BCBE8D928D7450A00A9176D /* View */,
			);
			path = Hogsmeade;
			sourceTree = "<group>";
		};
		2BCBE77228D7149700A9176D /* Preview Content */ = {
			isa = PBXGroup;
			children = (
				2BCBE77328D7149700A9176D /* Preview Assets.xcassets */,
			);
			path = "Preview Content";
			sourceTree = "<group>";
		};
		2BCBE8B128D725EC00A9176D /* Frameworks */ = {
			isa = PBXGroup;
			children = (
				2BCBE8B228D725EC00A9176D /* WidgetKit.framework */,
				2BCBE8B428D725EC00A9176D /* SwiftUI.framework */,
			);
			name = Frameworks;
			sourceTree = "<group>";
		};
		2BCBE8B628D725EC00A9176D /* HogsmeadeWidget */ = {
			isa = PBXGroup;
			children = (
				2BCBE8BB28D725ED00A9176D /* Info.plist */,
				2BCBE8CD28D731E000A9176D /* Widget */,
				2BCBE8B728D725EC00A9176D /* HogsmeadeWidget.swift */,
				2BCBE8CE28D731EA00A9176D /* LiveActivity */,
				2BCBE8B928D725ED00A9176D /* Assets.xcassets */,
			);
			path = HogsmeadeWidget;
			sourceTree = "<group>";
		};
		2BCBE8CD28D731E000A9176D /* Widget */ = {
			isa = PBXGroup;
			children = (
				2BCBE8C428D72E0600A9176D /* ExampleWidget.swift */,
			);
			path = Widget;
			sourceTree = "<group>";
		};
		2BCBE8CE28D731EA00A9176D /* LiveActivity */ = {
			isa = PBXGroup;
			children = (
				2BCBE8C728D7318B00A9176D /* LockScreenVoipView.swift */,
				2BCBE8CB28D731D000A9176D /* VoipAttributes.swift */,
				2BCBE8C928D731B100A9176D /* VoipLiveActivity.swift */,
				2BCBE8DB28D7577E00A9176D /* VoiceView.swift */,
			);
			path = LiveActivity;
			sourceTree = "<group>";
		};
		2BCBE8D928D7450A00A9176D /* View */ = {
			isa = PBXGroup;
			children = (
				2BCBE76D28D7149600A9176D /* ContentView.swift */,
				2BCBE8D728D7449D00A9176D /* FunctionView.swift */,
				2BCBE8D228D742EF00A9176D /* PeerUserView.swift */,
				2BCBE8D528D7445800A9176D /* ToolsView.swift */,
				2BCBE77A28D714AF00A9176D /* VoipView.swift */,
			);
			path = View;
			sourceTree = "<group>";
		};
		2BCBE8DA28D7451200A9176D /* Model */ = {
			isa = PBXGroup;
			children = (
				2BCBE77C28D714BF00A9176D /* Voip.swift */,
			);
			path = Model;
			sourceTree = "<group>";
		};
		2BCBE8E028D7630200A9176D /* Shared */ = {
			isa = PBXGroup;
			children = (
			);
			path = Shared;
			sourceTree = "<group>";
		};
/* End PBXGroup section */

/* Begin PBXNativeTarget section */
		2BCBE76728D7149600A9176D /* Hogsmeade */ = {
			isa = PBXNativeTarget;
			buildConfigurationList = 2BCBE77728D7149700A9176D /* Build configuration list for PBXNativeTarget "Hogsmeade" */;
			buildPhases = (
				2BCBE76428D7149600A9176D /* Sources */,
				2BCBE76528D7149600A9176D /* Frameworks */,
				2BCBE76628D7149600A9176D /* Resources */,
				2BCBE8C228D725ED00A9176D /* Embed Foundation Extensions */,
			);
			buildRules = (
			);
			dependencies = (
				2BCBE8BD28D725ED00A9176D /* PBXTargetDependency */,
			);
			name = Hogsmeade;
			productName = Hogsmeade;
			productReference = 2BCBE76828D7149600A9176D /* Hogsmeade.app */;
			productType = "com.apple.product-type.application";
		};
		2BCBE8AF28D725EC00A9176D /* HogsmeadeWidgetExtension */ = {
			isa = PBXNativeTarget;
			buildConfigurationList = 2BCBE8BF28D725ED00A9176D /* Build configuration list for PBXNativeTarget "HogsmeadeWidgetExtension" */;
			buildPhases = (
				2BCBE8AC28D725EC00A9176D /* Sources */,
				2BCBE8AD28D725EC00A9176D /* Frameworks */,
				2BCBE8AE28D725EC00A9176D /* Resources */,
			);
			buildRules = (
			);
			dependencies = (
			);
			name = HogsmeadeWidgetExtension;
			productName = HogsmeadeWidgetExtension;
			productReference = 2BCBE8B028D725EC00A9176D /* HogsmeadeWidgetExtension.appex */;
			productType = "com.apple.product-type.app-extension";
		};
/* End PBXNativeTarget section */

/* Begin PBXProject section */
		2BCBE76028D7149600A9176D /* Project object */ = {
			isa = PBXProject;
			attributes = {
				BuildIndependentTargetsInParallel = 1;
				LastSwiftUpdateCheck = 1410;
				LastUpgradeCheck = 1410;
				TargetAttributes = {
					2BCBE76728D7149600A9176D = {
						CreatedOnToolsVersion = 14.1;
					};
					2BCBE8AF28D725EC00A9176D = {
						CreatedOnToolsVersion = 14.1;
					};
				};
			};
			buildConfigurationList = 2BCBE76328D7149600A9176D /* Build configuration list for PBXProject "Hogsmeade" */;
			compatibilityVersion = "Xcode 14.0";
			developmentRegion = en;
			hasScannedForEncodings = 0;
			knownRegions = (
				en,
				Base,
			);
			mainGroup = 2BCBE75F28D7149600A9176D;
			productRefGroup = 2BCBE76928D7149600A9176D /* Products */;
			projectDirPath = "";
			projectRoot = "";
			targets = (
				2BCBE76728D7149600A9176D /* Hogsmeade */,
				2BCBE8AF28D725EC00A9176D /* HogsmeadeWidgetExtension */,
			);
		};
/* End PBXProject section */

/* Begin PBXResourcesBuildPhase section */
		2BCBE76628D7149600A9176D /* Resources */ = {
			isa = PBXResourcesBuildPhase;
			buildActionMask = 2147483647;
			files = (
				2BCBE77428D7149700A9176D /* Preview Assets.xcassets in Resources */,
				2BCBE77028D7149700A9176D /* Assets.xcassets in Resources */,
			);
			runOnlyForDeploymentPostprocessing = 0;
		};
		2BCBE8AE28D725EC00A9176D /* Resources */ = {
			isa = PBXResourcesBuildPhase;
			buildActionMask = 2147483647;
			files = (
				2BCBE8BA28D725ED00A9176D /* Assets.xcassets in Resources */,
			);
			runOnlyForDeploymentPostprocessing = 0;
		};
/* End PBXResourcesBuildPhase section */

/* Begin PBXSourcesBuildPhase section */
		2BCBE76428D7149600A9176D /* Sources */ = {
			isa = PBXSourcesBuildPhase;
			buildActionMask = 2147483647;
			files = (
				2BCBE8CC28D731D000A9176D /* VoipAttributes.swift in Sources */,
				2BCBE77B28D714AF00A9176D /* VoipView.swift in Sources */,
				2BCBE8D628D7445800A9176D /* ToolsView.swift in Sources */,
				2BCBE76E28D7149600A9176D /* ContentView.swift in Sources */,
				2BCBE76C28D7149600A9176D /* HogsmeadeApp.swift in Sources */,
				2BCBE77D28D714BF00A9176D /* Voip.swift in Sources */,
				2BCBE8D828D7449D00A9176D /* FunctionView.swift in Sources */,
				2BCBE8D328D742EF00A9176D /* PeerUserView.swift in Sources */,
			);
			runOnlyForDeploymentPostprocessing = 0;
		};
		2BCBE8AC28D725EC00A9176D /* Sources */ = {
			isa = PBXSourcesBuildPhase;
			buildActionMask = 2147483647;
			files = (
				2BCBE8D128D7421700A9176D /* LockScreenVoipView.swift in Sources */,
				2BCBE8D028D7421100A9176D /* VoipLiveActivity.swift in Sources */,
				2BCBE8CF28D73DF200A9176D /* VoipAttributes.swift in Sources */,
				2BCBE8E228D7634000A9176D /* Voip.swift in Sources */,
				2BCBE8C628D72F0600A9176D /* ExampleWidget.swift in Sources */,
				2BCBE8B828D725EC00A9176D /* HogsmeadeWidget.swift in Sources */,
				2BCBE8DD28D75B2800A9176D /* VoiceView.swift in Sources */,
			);
			runOnlyForDeploymentPostprocessing = 0;
		};
/* End PBXSourcesBuildPhase section */

/* Begin PBXTargetDependency section */
		2BCBE8BD28D725ED00A9176D /* PBXTargetDependency */ = {
			isa = PBXTargetDependency;
			target = 2BCBE8AF28D725EC00A9176D /* HogsmeadeWidgetExtension */;
			targetProxy = 2BCBE8BC28D725ED00A9176D /* PBXContainerItemProxy */;
		};
/* End PBXTargetDependency section */

/* Begin XCBuildConfiguration section */
		2BCBE77528D7149700A9176D /* Debug */ = {
			isa = XCBuildConfiguration;
			buildSettings = {
				ALWAYS_SEARCH_USER_PATHS = NO;
				CLANG_ANALYZER_NONNULL = YES;
				CLANG_ANALYZER_NUMBER_OBJECT_CONVERSION = YES_AGGRESSIVE;
				CLANG_CXX_LANGUAGE_STANDARD = "gnu++20";
				CLANG_ENABLE_MODULES = YES;
				CLANG_ENABLE_OBJC_ARC = YES;
				CLANG_ENABLE_OBJC_WEAK = YES;
				CLANG_WARN_BLOCK_CAPTURE_AUTORELEASING = YES;
				CLANG_WARN_BOOL_CONVERSION = YES;
				CLANG_WARN_COMMA = YES;
				CLANG_WARN_CONSTANT_CONVERSION = YES;
				CLANG_WARN_DEPRECATED_OBJC_IMPLEMENTATIONS = YES;
				CLANG_WARN_DIRECT_OBJC_ISA_USAGE = YES_ERROR;
				CLANG_WARN_DOCUMENTATION_COMMENTS = YES;
				CLANG_WARN_EMPTY_BODY = YES;
				CLANG_WARN_ENUM_CONVERSION = YES;
				CLANG_WARN_INFINITE_RECURSION = YES;
				CLANG_WARN_INT_CONVERSION = YES;
				CLANG_WARN_NON_LITERAL_NULL_CONVERSION = YES;
				CLANG_WARN_OBJC_IMPLICIT_RETAIN_SELF = YES;
				CLANG_WARN_OBJC_LITERAL_CONVERSION = YES;
				CLANG_WARN_OBJC_ROOT_CLASS = YES_ERROR;
				CLANG_WARN_QUOTED_INCLUDE_IN_FRAMEWORK_HEADER = YES;
				CLANG_WARN_RANGE_LOOP_ANALYSIS = YES;
				CLANG_WARN_STRICT_PROTOTYPES = YES;
				CLANG_WARN_SUSPICIOUS_MOVE = YES;
				CLANG_WARN_UNGUARDED_AVAILABILITY = YES_AGGRESSIVE;
				CLANG_WARN_UNREACHABLE_CODE = YES;
				CLANG_WARN__DUPLICATE_METHOD_MATCH = YES;
				COPY_PHASE_STRIP = NO;
				DEBUG_INFORMATION_FORMAT = dwarf;
				ENABLE_STRICT_OBJC_MSGSEND = YES;
				ENABLE_TESTABILITY = YES;
				GCC_C_LANGUAGE_STANDARD = gnu11;
				GCC_DYNAMIC_NO_PIC = NO;
				GCC_NO_COMMON_BLOCKS = YES;
				GCC_OPTIMIZATION_LEVEL = 0;
				GCC_PREPROCESSOR_DEFINITIONS = (
					"DEBUG=1",
					"$(inherited)",
				);
				GCC_WARN_64_TO_32_BIT_CONVERSION = YES;
				GCC_WARN_ABOUT_RETURN_TYPE = YES_ERROR;
				GCC_WARN_UNDECLARED_SELECTOR = YES;
				GCC_WARN_UNINITIALIZED_AUTOS = YES_AGGRESSIVE;
				GCC_WARN_UNUSED_FUNCTION = YES;
				GCC_WARN_UNUSED_VARIABLE = YES;
				MTL_ENABLE_DEBUG_INFO = INCLUDE_SOURCE;
				MTL_FAST_MATH = YES;
				ONLY_ACTIVE_ARCH = YES;
				SWIFT_ACTIVE_COMPILATION_CONDITIONS = DEBUG;
				SWIFT_OPTIMIZATION_LEVEL = "-Onone";
			};
			name = Debug;
		};
		2BCBE77628D7149700A9176D /* Release */ = {
			isa = XCBuildConfiguration;
			buildSettings = {
				ALWAYS_SEARCH_USER_PATHS = NO;
				CLANG_ANALYZER_NONNULL = YES;
				CLANG_ANALYZER_NUMBER_OBJECT_CONVERSION = YES_AGGRESSIVE;
				CLANG_CXX_LANGUAGE_STANDARD = "gnu++20";
				CLANG_ENABLE_MODULES = YES;
				CLANG_ENABLE_OBJC_ARC = YES;
				CLANG_ENABLE_OBJC_WEAK = YES;
				CLANG_WARN_BLOCK_CAPTURE_AUTORELEASING = YES;
				CLANG_WARN_BOOL_CONVERSION = YES;
				CLANG_WARN_COMMA = YES;
				CLANG_WARN_CONSTANT_CONVERSION = YES;
				CLANG_WARN_DEPRECATED_OBJC_IMPLEMENTATIONS = YES;
				CLANG_WARN_DIRECT_OBJC_ISA_USAGE = YES_ERROR;
				CLANG_WARN_DOCUMENTATION_COMMENTS = YES;
				CLANG_WARN_EMPTY_BODY = YES;
				CLANG_WARN_ENUM_CONVERSION = YES;
				CLANG_WARN_INFINITE_RECURSION = YES;
				CLANG_WARN_INT_CONVERSION = YES;
				CLANG_WARN_NON_LITERAL_NULL_CONVERSION = YES;
				CLANG_WARN_OBJC_IMPLICIT_RETAIN_SELF = YES;
				CLANG_WARN_OBJC_LITERAL_CONVERSION = YES;
				CLANG_WARN_OBJC_ROOT_CLASS = YES_ERROR;
				CLANG_WARN_QUOTED_INCLUDE_IN_FRAMEWORK_HEADER = YES;
				CLANG_WARN_RANGE_LOOP_ANALYSIS = YES;
				CLANG_WARN_STRICT_PROTOTYPES = YES;
				CLANG_WARN_SUSPICIOUS_MOVE = YES;
				CLANG_WARN_UNGUARDED_AVAILABILITY = YES_AGGRESSIVE;
				CLANG_WARN_UNREACHABLE_CODE = YES;
				CLANG_WARN__DUPLICATE_METHOD_MATCH = YES;
				COPY_PHASE_STRIP = NO;
				DEBUG_INFORMATION_FORMAT = "dwarf-with-dsym";
				ENABLE_NS_ASSERTIONS = NO;
				ENABLE_STRICT_OBJC_MSGSEND = YES;
				GCC_C_LANGUAGE_STANDARD = gnu11;
				GCC_NO_COMMON_BLOCKS = YES;
				GCC_WARN_64_TO_32_BIT_CONVERSION = YES;
				GCC_WARN_ABOUT_RETURN_TYPE = YES_ERROR;
				GCC_WARN_UNDECLARED_SELECTOR = YES;
				GCC_WARN_UNINITIALIZED_AUTOS = YES_AGGRESSIVE;
				GCC_WARN_UNUSED_FUNCTION = YES;
				GCC_WARN_UNUSED_VARIABLE = YES;
				MTL_ENABLE_DEBUG_INFO = NO;
				MTL_FAST_MATH = YES;
				SWIFT_COMPILATION_MODE = wholemodule;
				SWIFT_OPTIMIZATION_LEVEL = "-O";
			};
			name = Release;
		};
		2BCBE77828D7149700A9176D /* Debug */ = {
			isa = XCBuildConfiguration;
			buildSettings = {
				ALWAYS_EMBED_SWIFT_STANDARD_LIBRARIES = YES;
				ASSETCATALOG_COMPILER_APPICON_NAME = AppIcon;
				ASSETCATALOG_COMPILER_GLOBAL_ACCENT_COLOR_NAME = AccentColor;
				CODE_SIGN_ENTITLEMENTS = Hogsmeade/Hogsmeade.entitlements;
				CODE_SIGN_STYLE = Automatic;
				CURRENT_PROJECT_VERSION = 1;
				DEVELOPMENT_ASSET_PATHS = "\"Hogsmeade/Preview Content\"";
				DEVELOPMENT_TEAM = Q2T8TN4ZW6;
				ENABLE_HARDENED_RUNTIME = YES;
				ENABLE_PREVIEWS = YES;
				GENERATE_INFOPLIST_FILE = YES;
				INFOPLIST_FILE = Hogsmeade/Info.plist;
				"INFOPLIST_KEY_UIApplicationSceneManifest_Generation[sdk=iphoneos*]" = YES;
				"INFOPLIST_KEY_UIApplicationSceneManifest_Generation[sdk=iphonesimulator*]" = YES;
				"INFOPLIST_KEY_UIApplicationSupportsIndirectInputEvents[sdk=iphoneos*]" = YES;
				"INFOPLIST_KEY_UIApplicationSupportsIndirectInputEvents[sdk=iphonesimulator*]" = YES;
				"INFOPLIST_KEY_UILaunchScreen_Generation[sdk=iphoneos*]" = YES;
				"INFOPLIST_KEY_UILaunchScreen_Generation[sdk=iphonesimulator*]" = YES;
				"INFOPLIST_KEY_UIStatusBarStyle[sdk=iphoneos*]" = UIStatusBarStyleDefault;
				"INFOPLIST_KEY_UIStatusBarStyle[sdk=iphonesimulator*]" = UIStatusBarStyleDefault;
				INFOPLIST_KEY_UISupportedInterfaceOrientations_iPad = "UIInterfaceOrientationPortrait UIInterfaceOrientationPortraitUpsideDown UIInterfaceOrientationLandscapeLeft UIInterfaceOrientationLandscapeRight";
				INFOPLIST_KEY_UISupportedInterfaceOrientations_iPhone = "UIInterfaceOrientationPortrait UIInterfaceOrientationLandscapeLeft UIInterfaceOrientationLandscapeRight";
				IPHONEOS_DEPLOYMENT_TARGET = 16.1;
				LD_RUNPATH_SEARCH_PATHS = "@executable_path/Frameworks";
				"LD_RUNPATH_SEARCH_PATHS[sdk=macosx*]" = "@executable_path/../Frameworks";
				MACOSX_DEPLOYMENT_TARGET = 12.6;
				MARKETING_VERSION = 1.0;
				PRODUCT_BUNDLE_IDENTIFIER = layer.practice.Hogsmeade;
				PRODUCT_NAME = "$(TARGET_NAME)";
				SDKROOT = auto;
				SUPPORTED_PLATFORMS = "iphoneos iphonesimulator macosx";
				SWIFT_EMIT_LOC_STRINGS = YES;
				SWIFT_VERSION = 5.0;
				TARGETED_DEVICE_FAMILY = "1,2";
			};
			name = Debug;
		};
		2BCBE77928D7149700A9176D /* Release */ = {
			isa = XCBuildConfiguration;
			buildSettings = {
				ALWAYS_EMBED_SWIFT_STANDARD_LIBRARIES = YES;
				ASSETCATALOG_COMPILER_APPICON_NAME = AppIcon;
				ASSETCATALOG_COMPILER_GLOBAL_ACCENT_COLOR_NAME = AccentColor;
				CODE_SIGN_ENTITLEMENTS = Hogsmeade/Hogsmeade.entitlements;
				CODE_SIGN_STYLE = Automatic;
				CURRENT_PROJECT_VERSION = 1;
				DEVELOPMENT_ASSET_PATHS = "\"Hogsmeade/Preview Content\"";
				DEVELOPMENT_TEAM = Q2T8TN4ZW6;
				ENABLE_HARDENED_RUNTIME = YES;
				ENABLE_PREVIEWS = YES;
				GENERATE_INFOPLIST_FILE = YES;
				INFOPLIST_FILE = Hogsmeade/Info.plist;
				"INFOPLIST_KEY_UIApplicationSceneManifest_Generation[sdk=iphoneos*]" = YES;
				"INFOPLIST_KEY_UIApplicationSceneManifest_Generation[sdk=iphonesimulator*]" = YES;
				"INFOPLIST_KEY_UIApplicationSupportsIndirectInputEvents[sdk=iphoneos*]" = YES;
				"INFOPLIST_KEY_UIApplicationSupportsIndirectInputEvents[sdk=iphonesimulator*]" = YES;
				"INFOPLIST_KEY_UILaunchScreen_Generation[sdk=iphoneos*]" = YES;
				"INFOPLIST_KEY_UILaunchScreen_Generation[sdk=iphonesimulator*]" = YES;
				"INFOPLIST_KEY_UIStatusBarStyle[sdk=iphoneos*]" = UIStatusBarStyleDefault;
				"INFOPLIST_KEY_UIStatusBarStyle[sdk=iphonesimulator*]" = UIStatusBarStyleDefault;
				INFOPLIST_KEY_UISupportedInterfaceOrientations_iPad = "UIInterfaceOrientationPortrait UIInterfaceOrientationPortraitUpsideDown UIInterfaceOrientationLandscapeLeft UIInterfaceOrientationLandscapeRight";
				INFOPLIST_KEY_UISupportedInterfaceOrientations_iPhone = "UIInterfaceOrientationPortrait UIInterfaceOrientationLandscapeLeft UIInterfaceOrientationLandscapeRight";
				IPHONEOS_DEPLOYMENT_TARGET = 16.1;
				LD_RUNPATH_SEARCH_PATHS = "@executable_path/Frameworks";
				"LD_RUNPATH_SEARCH_PATHS[sdk=macosx*]" = "@executable_path/../Frameworks";
				MACOSX_DEPLOYMENT_TARGET = 12.6;
				MARKETING_VERSION = 1.0;
				PRODUCT_BUNDLE_IDENTIFIER = layer.practice.Hogsmeade;
				PRODUCT_NAME = "$(TARGET_NAME)";
				SDKROOT = auto;
				SUPPORTED_PLATFORMS = "iphoneos iphonesimulator macosx";
				SWIFT_EMIT_LOC_STRINGS = YES;
				SWIFT_VERSION = 5.0;
				TARGETED_DEVICE_FAMILY = "1,2";
			};
			name = Release;
		};
		2BCBE8C028D725ED00A9176D /* Debug */ = {
			isa = XCBuildConfiguration;
			buildSettings = {
				ASSETCATALOG_COMPILER_GLOBAL_ACCENT_COLOR_NAME = AccentColor;
				ASSETCATALOG_COMPILER_WIDGET_BACKGROUND_COLOR_NAME = WidgetBackground;
				CODE_SIGN_STYLE = Automatic;
				CURRENT_PROJECT_VERSION = 1;
				DEVELOPMENT_TEAM = Q2T8TN4ZW6;
				GENERATE_INFOPLIST_FILE = YES;
				INFOPLIST_FILE = HogsmeadeWidget/Info.plist;
				INFOPLIST_KEY_CFBundleDisplayName = HogsmeadeWidget;
				INFOPLIST_KEY_NSHumanReadableCopyright = "";
				IPHONEOS_DEPLOYMENT_TARGET = 16.1;
				LD_RUNPATH_SEARCH_PATHS = (
					"$(inherited)",
					"@executable_path/Frameworks",
					"@executable_path/../../Frameworks",
				);
				MARKETING_VERSION = 1.0;
				PRODUCT_BUNDLE_IDENTIFIER = layer.practice.Hogsmeade.HogsmeadeWidget;
				PRODUCT_NAME = "$(TARGET_NAME)";
				SDKROOT = iphoneos;
				SKIP_INSTALL = YES;
				SWIFT_EMIT_LOC_STRINGS = YES;
				SWIFT_VERSION = 5.0;
				TARGETED_DEVICE_FAMILY = "1,2";
			};
			name = Debug;
		};
		2BCBE8C128D725ED00A9176D /* Release */ = {
			isa = XCBuildConfiguration;
			buildSettings = {
				ASSETCATALOG_COMPILER_GLOBAL_ACCENT_COLOR_NAME = AccentColor;
				ASSETCATALOG_COMPILER_WIDGET_BACKGROUND_COLOR_NAME = WidgetBackground;
				CODE_SIGN_STYLE = Automatic;
				CURRENT_PROJECT_VERSION = 1;
				DEVELOPMENT_TEAM = Q2T8TN4ZW6;
				GENERATE_INFOPLIST_FILE = YES;
				INFOPLIST_FILE = HogsmeadeWidget/Info.plist;
				INFOPLIST_KEY_CFBundleDisplayName = HogsmeadeWidget;
				INFOPLIST_KEY_NSHumanReadableCopyright = "";
				IPHONEOS_DEPLOYMENT_TARGET = 16.1;
				LD_RUNPATH_SEARCH_PATHS = (
					"$(inherited)",
					"@executable_path/Frameworks",
					"@executable_path/../../Frameworks",
				);
				MARKETING_VERSION = 1.0;
				PRODUCT_BUNDLE_IDENTIFIER = layer.practice.Hogsmeade.HogsmeadeWidget;
				PRODUCT_NAME = "$(TARGET_NAME)";
				SDKROOT = iphoneos;
				SKIP_INSTALL = YES;
				SWIFT_EMIT_LOC_STRINGS = YES;
				SWIFT_VERSION = 5.0;
				TARGETED_DEVICE_FAMILY = "1,2";
				VALIDATE_PRODUCT = YES;
			};
			name = Release;
		};
/* End XCBuildConfiguration section */

/* Begin XCConfigurationList section */
		2BCBE76328D7149600A9176D /* Build configuration list for PBXProject "Hogsmeade" */ = {
			isa = XCConfigurationList;
			buildConfigurations = (
				2BCBE77528D7149700A9176D /* Debug */,
				2BCBE77628D7149700A9176D /* Release */,
			);
			defaultConfigurationIsVisible = 0;
			defaultConfigurationName = Release;
		};
		2BCBE77728D7149700A9176D /* Build configuration list for PBXNativeTarget "Hogsmeade" */ = {
			isa = XCConfigurationList;
			buildConfigurations = (
				2BCBE77828D7149700A9176D /* Debug */,
				2BCBE77928D7149700A9176D /* Release */,
			);
			defaultConfigurationIsVisible = 0;
			defaultConfigurationName = Release;
		};
		2BCBE8BF28D725ED00A9176D /* Build configuration list for PBXNativeTarget "HogsmeadeWidgetExtension" */ = {
			isa = XCConfigurationList;
			buildConfigurations = (
				2BCBE8C028D725ED00A9176D /* Debug */,
				2BCBE8C128D725ED00A9176D /* Release */,
			);
			defaultConfigurationIsVisible = 0;
			defaultConfigurationName = Release;
		};
/* End XCConfigurationList section */
	};
	rootObject = 2BCBE76028D7149600A9176D /* Project object */;
}
